
Microsoft Visual Studio Solution File, Format Version 12.00
# Visual Studio Version 17
VisualStudioVersion = 17.14.36221.1 d17.14
MinimumVisualStudioVersion = 10.0.40219.1
Project("{FAE04EC0-301F-11D3-BF4B-00C04F79EFBC}") = "SaltyBitesAPI", "SaltyBitesAPI\SaltyBitesAPI.csproj", "{61D43713-0DFD-4F19-93B2-B4D3DA54E268}"
EndProject
Global
	GlobalSection(SolutionConfigurationPlatforms) = preSolution
		Debug|Any CPU = Debug|Any CPU
		Release|Any CPU = Release|Any CPU
	EndGlobalSection
	GlobalSection(ProjectConfigurationPlatforms) = postSolution
		{61D43713-0DFD-4F19-93B2-B4D3DA54E268}.Debug|Any CPU.ActiveCfg = Debug|Any CPU
		{61D43713-0DFD-4F19-93B2-B4D3DA54E268}.Debug|Any CPU.Build.0 = Debug|Any CPU
		{61D43713-0DFD-4F19-93B2-B4D3DA54E268}.Release|Any CPU.ActiveCfg = Release|Any CPU
		{61D43713-0DFD-4F19-93B2-B4D3DA54E268}.Release|Any CPU.Build.0 = Release|Any CPU
	EndGlobalSection
	GlobalSection(SolutionProperties) = preSolution
		HideSolutionNode = FALSE
	EndGlobalSection
	GlobalSection(ExtensibilityGlobals) = postSolution
		SolutionGuid = {987CF061-E806-45E2-AB49-F9EEC2EC9414}
	EndGlobalSection
EndGlobal
